
Microsoft Visual Studio Solution File, Format Version 12.00
# Visual Studio 2012
Project("{FAE04EC0-301F-11D3-BF4B-00C04F79EFBC}") = "DisplayData", "DisplayData\DisplayData.csproj", "{007D8A28-43A9-4007-8E87-2B302E7A3769}"
EndProject
Global
	GlobalSection(SolutionConfigurationPlatforms) = preSolution
		Debug|x86 = Debug|x86
		Release|x86 = Release|x86
	EndGlobalSection
	GlobalSection(ProjectConfigurationPlatforms) = postSolution
		{007D8A28-43A9-4007-8E87-2B302E7A3769}.Debug|x86.ActiveCfg = Debug|x86
		{007D8A28-43A9-4007-8E87-2B302E7A3769}.Debug|x86.Build.0 = Debug|x86
		{007D8A28-43A9-4007-8E87-2B302E7A3769}.Release|x86.ActiveCfg = Release|x86
		{007D8A28-43A9-4007-8E87-2B302E7A3769}.Release|x86.Build.0 = Release|x86
	EndGlobalSection
EndGlobal
